// !$*UTF8*$!
{
	archiveVersion = 1;
	classes = {
	};
	objectVersion = 46;
	objects = {

/* Begin PBXBuildFile section */
		55218AC71D0EF55E006BA7FB /* main.m in Sources */ = {isa = PBXBuildFile; fileRef = 55218AC61D0EF55E006BA7FB /* main.m */; };
		55218ACA1D0EF55E006BA7FB /* AppDelegate.m in Sources */ = {isa = PBXBuildFile; fileRef = 55218AC91D0EF55E006BA7FB /* AppDelegate.m */; };
		55218AD21D0EF55E006BA7FB /* Assets.xcassets in Resources */ = {isa = PBXBuildFile; fileRef = 55218AD11D0EF55E006BA7FB /* Assets.xcassets */; };
		55218AD51D0EF55E006BA7FB /* LaunchScreen.storyboard in Resources */ = {isa = PBXBuildFile; fileRef = 55218AD31D0EF55E006BA7FB /* LaunchScreen.storyboard */; };
		55218AE01D0EF55F006BA7FB /* _6_ViewSwitcherTests.m in Sources */ = {isa = PBXBuildFile; fileRef = 55218ADF1D0EF55F006BA7FB /* _6_ViewSwitcherTests.m */; };
		55218AEB1D0EF55F006BA7FB /* _6_ViewSwitcherUITests.m in Sources */ = {isa = PBXBuildFile; fileRef = 55218AEA1D0EF55F006BA7FB /* _6_ViewSwitcherUITests.m */; };
		55218AFA1D0EF606006BA7FB /* BIDSwitchViewController.m in Sources */ = {isa = PBXBuildFile; fileRef = 55218AF91D0EF606006BA7FB /* BIDSwitchViewController.m */; };
		55218AFD1D0EF63B006BA7FB /* BIDBlueViewController.m in Sources */ = {isa = PBXBuildFile; fileRef = 55218AFC1D0EF63B006BA7FB /* BIDBlueViewController.m */; };
		55218B001D0EF64E006BA7FB /* BIDYellowViewController.m in Sources */ = {isa = PBXBuildFile; fileRef = 55218AFF1D0EF64E006BA7FB /* BIDYellowViewController.m */; };
		55218B041D0EFC7D006BA7FB /* BIDMain.storyboard in Resources */ = {isa = PBXBuildFile; fileRef = 55218B031D0EFC7D006BA7FB /* BIDMain.storyboard */; };
/* End PBXBuildFile section */

/* Begin PBXContainerItemProxy section */
		55218ADC1D0EF55F006BA7FB /* PBXContainerItemProxy */ = {
			isa = PBXContainerItemProxy;
			containerPortal = 55218ABA1D0EF55E006BA7FB /* Project object */;
			proxyType = 1;
			remoteGlobalIDString = 55218AC11D0EF55E006BA7FB;
			remoteInfo = "06 ViewSwitcher";
		};
		55218AE71D0EF55F006BA7FB /* PBXContainerItemProxy */ = {
			isa = PBXContainerItemProxy;
			containerPortal = 55218ABA1D0EF55E006BA7FB /* Project object */;
			proxyType = 1;
			remoteGlobalIDString = 55218AC11D0EF55E006BA7FB;
			remoteInfo = "06 ViewSwitcher";
		};
/* End PBXContainerItemProxy section */

/* Begin PBXFileReference section */
		55218AC21D0EF55E006BA7FB /* 06 ViewSwitcher.app */ = {isa = PBXFileReference; explicitFileType = wrapper.application; includeInIndex = 0; path = "06 ViewSwitcher.app"; sourceTree = BUILT_PRODUCTS_DIR; };
		55218AC61D0EF55E006BA7FB /* main.m */ = {isa = PBXFileReference; lastKnownFileType = sourcecode.c.objc; path = main.m; sourceTree = "<group>"; };
		55218AC81D0EF55E006BA7FB /* AppDelegate.h */ = {isa = PBXFileReference; lastKnownFileType = sourcecode.c.h; path = AppDelegate.h; sourceTree = "<group>"; };
		55218AC91D0EF55E006BA7FB /* AppDelegate.m */ = {isa = PBXFileReference; lastKnownFileType = sourcecode.c.objc; path = AppDelegate.m; sourceTree = "<group>"; };
		55218AD11D0EF55E006BA7FB /* Assets.xcassets */ = {isa = PBXFileReference; lastKnownFileType = folder.assetcatalog; path = Assets.xcassets; sourceTree = "<group>"; };
		55218AD41D0EF55E006BA7FB /* Base */ = {isa = PBXFileReference; lastKnownFileType = file.storyboard; name = Base; path = Base.lproj/LaunchScreen.storyboard; sourceTree = "<group>"; };
		55218AD61D0EF55E006BA7FB /* Info.plist */ = {isa = PBXFileReference; lastKnownFileType = text.plist.xml; path = Info.plist; sourceTree = "<group>"; };
		55218ADB1D0EF55F006BA7FB /* 06 ViewSwitcherTests.xctest */ = {isa = PBXFileReference; explicitFileType = wrapper.cfbundle; includeInIndex = 0; path = "06 ViewSwitcherTests.xctest"; sourceTree = BUILT_PRODUCTS_DIR; };
		55218ADF1D0EF55F006BA7FB /* _6_ViewSwitcherTests.m */ = {isa = PBXFileReference; lastKnownFileType = sourcecode.c.objc; path = _6_ViewSwitcherTests.m; sourceTree = "<group>"; };
		55218AE11D0EF55F006BA7FB /* Info.plist */ = {isa = PBXFileReference; lastKnownFileType = text.plist.xml; path = Info.plist; sourceTree = "<group>"; };
		55218AE61D0EF55F006BA7FB /* 06 ViewSwitcherUITests.xctest */ = {isa = PBXFileReference; explicitFileType = wrapper.cfbundle; includeInIndex = 0; path = "06 ViewSwitcherUITests.xctest"; sourceTree = BUILT_PRODUCTS_DIR; };
		55218AEA1D0EF55F006BA7FB /* _6_ViewSwitcherUITests.m */ = {isa = PBXFileReference; lastKnownFileType = sourcecode.c.objc; path = _6_ViewSwitcherUITests.m; sourceTree = "<group>"; };
		55218AEC1D0EF55F006BA7FB /* Info.plist */ = {isa = PBXFileReference; lastKnownFileType = text.plist.xml; path = Info.plist; sourceTree = "<group>"; };
		55218AF81D0EF606006BA7FB /* BIDSwitchViewController.h */ = {isa = PBXFileReference; fileEncoding = 4; lastKnownFileType = sourcecode.c.h; path = BIDSwitchViewController.h; sourceTree = "<group>"; };
		55218AF91D0EF606006BA7FB /* BIDSwitchViewController.m */ = {isa = PBXFileReference; fileEncoding = 4; lastKnownFileType = sourcecode.c.objc; path = BIDSwitchViewController.m; sourceTree = "<group>"; };
		55218AFB1D0EF63B006BA7FB /* BIDBlueViewController.h */ = {isa = PBXFileReference; fileEncoding = 4; lastKnownFileType = sourcecode.c.h; path = BIDBlueViewController.h; sourceTree = "<group>"; };
		55218AFC1D0EF63B006BA7FB /* BIDBlueViewController.m */ = {isa = PBXFileReference; fileEncoding = 4; lastKnownFileType = sourcecode.c.objc; path = BIDBlueViewController.m; sourceTree = "<group>"; };
		55218AFE1D0EF64E006BA7FB /* BIDYellowViewController.h */ = {isa = PBXFileReference; fileEncoding = 4; lastKnownFileType = sourcecode.c.h; path = BIDYellowViewController.h; sourceTree = "<group>"; };
		55218AFF1D0EF64E006BA7FB /* BIDYellowViewController.m */ = {isa = PBXFileReference; fileEncoding = 4; lastKnownFileType = sourcecode.c.objc; path = BIDYellowViewController.m; sourceTree = "<group>"; };
		55218B031D0EFC7D006BA7FB /* BIDMain.storyboard */ = {isa = PBXFileReference; fileEncoding = 4; lastKnownFileType = file.storyboard; path = BIDMain.storyboard; sourceTree = "<group>"; };
/* End PBXFileReference section */

/* Begin PBXFrameworksBuildPhase section */
		55218ABF1D0EF55E006BA7FB /* Frameworks */ = {
			isa = PBXFrameworksBuildPhase;
			buildActionMask = 2147483647;
			files = (
			);
			runOnlyForDeploymentPostprocessing = 0;
		};
		55218AD81D0EF55F006BA7FB /* Frameworks */ = {
			isa = PBXFrameworksBuildPhase;
			buildActionMask = 2147483647;
			files = (
			);
			runOnlyForDeploymentPostprocessing = 0;
		};
		55218AE31D0EF55F006BA7FB /* Frameworks */ = {
			isa = PBXFrameworksBuildPhase;
			buildActionMask = 2147483647;
			files = (
			);
			runOnlyForDeploymentPostprocessing = 0;
		};
/* End PBXFrameworksBuildPhase section */

/* Begin PBXGroup section */
		55218AB91D0EF55E006BA7FB = {
			isa = PBXGroup;
			children = (
				55218AC41D0EF55E006BA7FB /* 06 ViewSwitcher */,
				55218ADE1D0EF55F006BA7FB /* 06 ViewSwitcherTests */,
				55218AE91D0EF55F006BA7FB /* 06 ViewSwitcherUITests */,
				55218AC31D0EF55E006BA7FB /* Products */,
			);
			sourceTree = "<group>";
		};
		55218AC31D0EF55E006BA7FB /* Products */ = {
			isa = PBXGroup;
			children = (
				55218AC21D0EF55E006BA7FB /* 06 ViewSwitcher.app */,
				55218ADB1D0EF55F006BA7FB /* 06 ViewSwitcherTests.xctest */,
				55218AE61D0EF55F006BA7FB /* 06 ViewSwitcherUITests.xctest */,
			);
			name = Products;
			sourceTree = "<group>";
		};
		55218AC41D0EF55E006BA7FB /* 06 ViewSwitcher */ = {
			isa = PBXGroup;
			children = (
				55218AC81D0EF55E006BA7FB /* AppDelegate.h */,
				55218AC91D0EF55E006BA7FB /* AppDelegate.m */,
				55218AF81D0EF606006BA7FB /* BIDSwitchViewController.h */,
				55218AF91D0EF606006BA7FB /* BIDSwitchViewController.m */,
				55218AFB1D0EF63B006BA7FB /* BIDBlueViewController.h */,
				55218AFC1D0EF63B006BA7FB /* BIDBlueViewController.m */,
				55218AFE1D0EF64E006BA7FB /* BIDYellowViewController.h */,
				55218AFF1D0EF64E006BA7FB /* BIDYellowViewController.m */,
				55218B031D0EFC7D006BA7FB /* BIDMain.storyboard */,
				55218AD11D0EF55E006BA7FB /* Assets.xcassets */,
				55218AD31D0EF55E006BA7FB /* LaunchScreen.storyboard */,
				55218AD61D0EF55E006BA7FB /* Info.plist */,
				55218AC51D0EF55E006BA7FB /* Supporting Files */,
			);
			path = "06 ViewSwitcher";
			sourceTree = "<group>";
		};
		55218AC51D0EF55E006BA7FB /* Supporting Files */ = {
			isa = PBXGroup;
			children = (
				55218AC61D0EF55E006BA7FB /* main.m */,
			);
			name = "Supporting Files";
			sourceTree = "<group>";
		};
		55218ADE1D0EF55F006BA7FB /* 06 ViewSwitcherTests */ = {
			isa = PBXGroup;
			children = (
				55218ADF1D0EF55F006BA7FB /* _6_ViewSwitcherTests.m */,
				55218AE11D0EF55F006BA7FB /* Info.plist */,
			);
			path = "06 ViewSwitcherTests";
			sourceTree = "<group>";
		};
		55218AE91D0EF55F006BA7FB /* 06 ViewSwitcherUITests */ = {
			isa = PBXGroup;
			children = (
				55218AEA1D0EF55F006BA7FB /* _6_ViewSwitcherUITests.m */,
				55218AEC1D0EF55F006BA7FB /* Info.plist */,
			);
			path = "06 ViewSwitcherUITests";
			sourceTree = "<group>";
		};
/* End PBXGroup section */

/* Begin PBXNativeTarget section */
		55218AC11D0EF55E006BA7FB /* 06 ViewSwitcher */ = {
			isa = PBXNativeTarget;
			buildConfigurationList = 55218AEF1D0EF55F006BA7FB /* Build configuration list for PBXNativeTarget "06 ViewSwitcher" */;
			buildPhases = (
				55218ABE1D0EF55E006BA7FB /* Sources */,
				55218ABF1D0EF55E006BA7FB /* Frameworks */,
				55218AC01D0EF55E006BA7FB /* Resources */,
			);
			buildRules = (
			);
			dependencies = (
			);
			name = "06 ViewSwitcher";
			productName = "06 ViewSwitcher";
			productReference = 55218AC21D0EF55E006BA7FB /* 06 ViewSwitcher.app */;
			productType = "com.apple.product-type.application";
		};
		55218ADA1D0EF55F006BA7FB /* 06 ViewSwitcherTests */ = {
			isa = PBXNativeTarget;
			buildConfigurationList = 55218AF21D0EF55F006BA7FB /* Build configuration list for PBXNativeTarget "06 ViewSwitcherTests" */;
			buildPhases = (
				55218AD71D0EF55F006BA7FB /* Sources */,
				55218AD81D0EF55F006BA7FB /* Frameworks */,
				55218AD91D0EF55F006BA7FB /* Resources */,
			);
			buildRules = (
			);
			dependencies = (
				55218ADD1D0EF55F006BA7FB /* PBXTargetDependency */,
			);
			name = "06 ViewSwitcherTests";
			productName = "06 ViewSwitcherTests";
			productReference = 55218ADB1D0EF55F006BA7FB /* 06 ViewSwitcherTests.xctest */;
			productType = "com.apple.product-type.bundle.unit-test";
		};
		55218AE51D0EF55F006BA7FB /* 06 ViewSwitcherUITests */ = {
			isa = PBXNativeTarget;
			buildConfigurationList = 55218AF51D0EF55F006BA7FB /* Build configuration list for PBXNativeTarget "06 ViewSwitcherUITests" */;
			buildPhases = (
				55218AE21D0EF55F006BA7FB /* Sources */,
				55218AE31D0EF55F006BA7FB /* Frameworks */,
				55218AE41D0EF55F006BA7FB /* Resources */,
			);
			buildRules = (
			);
			dependencies = (
				55218AE81D0EF55F006BA7FB /* PBXTargetDependency */,
			);
			name = "06 ViewSwitcherUITests";
			productName = "06 ViewSwitcherUITests";
			productReference = 55218AE61D0EF55F006BA7FB /* 06 ViewSwitcherUITests.xctest */;
			productType = "com.apple.product-type.bundle.ui-testing";
		};
/* End PBXNativeTarget section */

/* Begin PBXProject section */
		55218ABA1D0EF55E006BA7FB /* Project object */ = {
			isa = PBXProject;
			attributes = {
				LastUpgradeCheck = 0720;
				ORGANIZATIONNAME = tomandhua;
				TargetAttributes = {
					55218AC11D0EF55E006BA7FB = {
						CreatedOnToolsVersion = 7.2.1;
					};
					55218ADA1D0EF55F006BA7FB = {
						CreatedOnToolsVersion = 7.2.1;
						TestTargetID = 55218AC11D0EF55E006BA7FB;
					};
					55218AE51D0EF55F006BA7FB = {
						CreatedOnToolsVersion = 7.2.1;
						TestTargetID = 55218AC11D0EF55E006BA7FB;
					};
				};
			};
			buildConfigurationList = 55218ABD1D0EF55E006BA7FB /* Build configuration list for PBXProject "06 ViewSwitcher" */;
			compatibilityVersion = "Xcode 3.2";
			developmentRegion = English;
			hasScannedForEncodings = 0;
			knownRegions = (
				en,
				Base,
			);
			mainGroup = 55218AB91D0EF55E006BA7FB;
			productRefGroup = 55218AC31D0EF55E006BA7FB /* Products */;
			projectDirPath = "";
			projectRoot = "";
			targets = (
				55218AC11D0EF55E006BA7FB /* 06 ViewSwitcher */,
				55218ADA1D0EF55F006BA7FB /* 06 ViewSwitcherTests */,
				55218AE51D0EF55F006BA7FB /* 06 ViewSwitcherUITests */,
			);
		};
/* End PBXProject section */

/* Begin PBXResourcesBuildPhase section */
		55218AC01D0EF55E006BA7FB /* Resources */ = {
			isa = PBXResourcesBuildPhase;
			buildActionMask = 2147483647;
			files = (
				55218AD51D0EF55E006BA7FB /* LaunchScreen.storyboard in Resources */,
				55218B041D0EFC7D006BA7FB /* BIDMain.storyboard in Resources */,
				55218AD21D0EF55E006BA7FB /* Assets.xcassets in Resources */,
			);
			runOnlyForDeploymentPostprocessing = 0;
		};
		55218AD91D0EF55F006BA7FB /* Resources */ = {
			isa = PBXResourcesBuildPhase;
			buildActionMask = 2147483647;
			files = (
			);
			runOnlyForDeploymentPostprocessing = 0;
		};
		55218AE41D0EF55F006BA7FB /* Resources */ = {
			isa = PBXResourcesBuildPhase;
			buildActionMask = 2147483647;
			files = (
			);
			runOnlyForDeploymentPostprocessing = 0;
		};
/* End PBXResourcesBuildPhase section */

/* Begin PBXSourcesBuildPhase section */
		55218ABE1D0EF55E006BA7FB /* Sources */ = {
			isa = PBXSourcesBuildPhase;
			buildActionMask = 2147483647;
			files = (
				55218B001D0EF64E006BA7FB /* BIDYellowViewController.m in Sources */,
				55218AFD1D0EF63B006BA7FB /* BIDBlueViewController.m in Sources */,
				55218ACA1D0EF55E006BA7FB /* AppDelegate.m in Sources */,
				55218AC71D0EF55E006BA7FB /* main.m in Sources */,
				55218AFA1D0EF606006BA7FB /* BIDSwitchViewController.m in Sources */,
			);
			runOnlyForDeploymentPostprocessing = 0;
		};
		55218AD71D0EF55F006BA7FB /* Sources */ = {
			isa = PBXSourcesBuildPhase;
			buildActionMask = 2147483647;
			files = (
				55218AE01D0EF55F006BA7FB /* _6_ViewSwitcherTests.m in Sources */,
			);
			runOnlyForDeploymentPostprocessing = 0;
		};
		55218AE21D0EF55F006BA7FB /* Sources */ = {
			isa = PBXSourcesBuildPhase;
			buildActionMask = 2147483647;
			files = (
				55218AEB1D0EF55F006BA7FB /* _6_ViewSwitcherUITests.m in Sources */,
			);
			runOnlyForDeploymentPostprocessing = 0;
		};
/* End PBXSourcesBuildPhase section */

/* Begin PBXTargetDependency section */
		55218ADD1D0EF55F006BA7FB /* PBXTargetDependency */ = {
			isa = PBXTargetDependency;
			target = 55218AC11D0EF55E006BA7FB /* 06 ViewSwitcher */;
			targetProxy = 55218ADC1D0EF55F006BA7FB /* PBXContainerItemProxy */;
		};
		55218AE81D0EF55F006BA7FB /* PBXTargetDependency */ = {
			isa = PBXTargetDependency;
			target = 55218AC11D0EF55E006BA7FB /* 06 ViewSwitcher */;
			targetProxy = 55218AE71D0EF55F006BA7FB /* PBXContainerItemProxy */;
		};
/* End PBXTargetDependency section */

/* Begin PBXVariantGroup section */
		55218AD31D0EF55E006BA7FB /* LaunchScreen.storyboard */ = {
			isa = PBXVariantGroup;
			children = (
				55218AD41D0EF55E006BA7FB /* Base */,
			);
			name = LaunchScreen.storyboard;
			sourceTree = "<group>";
		};
/* End PBXVariantGroup section */

/* Begin XCBuildConfiguration section */
		55218AED1D0EF55F006BA7FB /* Debug */ = {
			isa = XCBuildConfiguration;
			buildSettings = {
				ALWAYS_SEARCH_USER_PATHS = NO;
				CLANG_CXX_LANGUAGE_STANDARD = "gnu++0x";
				CLANG_CXX_LIBRARY = "libc++";
				CLANG_ENABLE_MODULES = YES;
				CLANG_ENABLE_OBJC_ARC = YES;
				CLANG_WARN_BOOL_CONVERSION = YES;
				CLANG_WARN_CONSTANT_CONVERSION = YES;
				CLANG_WARN_DIRECT_OBJC_ISA_USAGE = YES_ERROR;
				CLANG_WARN_EMPTY_BODY = YES;
				CLANG_WARN_ENUM_CONVERSION = YES;
				CLANG_WARN_INT_CONVERSION = YES;
				CLANG_WARN_OBJC_ROOT_CLASS = YES_ERROR;
				CLANG_WARN_UNREACHABLE_CODE = YES;
				CLANG_WARN__DUPLICATE_METHOD_MATCH = YES;
				"CODE_SIGN_IDENTITY[sdk=iphoneos*]" = "iPhone Developer";
				COPY_PHASE_STRIP = NO;
				DEBUG_INFORMATION_FORMAT = dwarf;
				ENABLE_STRICT_OBJC_MSGSEND = YES;
				ENABLE_TESTABILITY = YES;
				GCC_C_LANGUAGE_STANDARD = gnu99;
				GCC_DYNAMIC_NO_PIC = NO;
				GCC_NO_COMMON_BLOCKS = YES;
				GCC_OPTIMIZATION_LEVEL = 0;
				GCC_PREPROCESSOR_DEFINITIONS = (
					"DEBUG=1",
					"$(inherited)",
				);
				GCC_WARN_64_TO_32_BIT_CONVERSION = YES;
				GCC_WARN_ABOUT_RETURN_TYPE = YES_ERROR;
				GCC_WARN_UNDECLARED_SELECTOR = YES;
				GCC_WARN_UNINITIALIZED_AUTOS = YES_AGGRESSIVE;
				GCC_WARN_UNUSED_FUNCTION = YES;
				GCC_WARN_UNUSED_VARIABLE = YES;
				IPHONEOS_DEPLOYMENT_TARGET = 9.2;
				MTL_ENABLE_DEBUG_INFO = YES;
				ONLY_ACTIVE_ARCH = YES;
				SDKROOT = iphoneos;
			};
			name = Debug;
		};
		55218AEE1D0EF55F006BA7FB /* Release */ = {
			isa = XCBuildConfiguration;
			buildSettings = {
				ALWAYS_SEARCH_USER_PATHS = NO;
				CLANG_CXX_LANGUAGE_STANDARD = "gnu++0x";
				CLANG_CXX_LIBRARY = "libc++";
				CLANG_ENABLE_MODULES = YES;
				CLANG_ENABLE_OBJC_ARC = YES;
				CLANG_WARN_BOOL_CONVERSION = YES;
				CLANG_WARN_CONSTANT_CONVERSION = YES;
				CLANG_WARN_DIRECT_OBJC_ISA_USAGE = YES_ERROR;
				CLANG_WARN_EMPTY_BODY = YES;
				CLANG_WARN_ENUM_CONVERSION = YES;
				CLANG_WARN_INT_CONVERSION = YES;
				CLANG_WARN_OBJC_ROOT_CLASS = YES_ERROR;
				CLANG_WARN_UNREACHABLE_CODE = YES;
				CLANG_WARN__DUPLICATE_METHOD_MATCH = YES;
				"CODE_SIGN_IDENTITY[sdk=iphoneos*]" = "iPhone Developer";
				COPY_PHASE_STRIP = NO;
				DEBUG_INFORMATION_FORMAT = "dwarf-with-dsym";
				ENABLE_NS_ASSERTIONS = NO;
				ENABLE_STRICT_OBJC_MSGSEND = YES;
				GCC_C_LANGUAGE_STANDARD = gnu99;
				GCC_NO_COMMON_BLOCKS = YES;
				GCC_WARN_64_TO_32_BIT_CONVERSION = YES;
				GCC_WARN_ABOUT_RETURN_TYPE = YES_ERROR;
				GCC_WARN_UNDECLARED_SELECTOR = YES;
				GCC_WARN_UNINITIALIZED_AUTOS = YES_AGGRESSIVE;
				GCC_WARN_UNUSED_FUNCTION = YES;
				GCC_WARN_UNUSED_VARIABLE = YES;
				IPHONEOS_DEPLOYMENT_TARGET = 9.2;
				MTL_ENABLE_DEBUG_INFO = NO;
				SDKROOT = iphoneos;
				VALIDATE_PRODUCT = YES;
			};
			name = Release;
		};
		55218AF01D0EF55F006BA7FB /* Debug */ = {
			isa = XCBuildConfiguration;
			buildSettings = {
				ASSETCATALOG_COMPILER_APPICON_NAME = AppIcon;
				INFOPLIST_FILE = "06 ViewSwitcher/Info.plist";
				IPHONEOS_DEPLOYMENT_TARGET = 6.0;
				LD_RUNPATH_SEARCH_PATHS = "$(inherited) @executable_path/Frameworks";
				PRODUCT_BUNDLE_IDENTIFIER = "yang.-6-ViewSwitcher";
				PRODUCT_NAME = "$(TARGET_NAME)";
			};
			name = Debug;
		};
		55218AF11D0EF55F006BA7FB /* Release */ = {
			isa = XCBuildConfiguration;
			buildSettings = {
				ASSETCATALOG_COMPILER_APPICON_NAME = AppIcon;
				INFOPLIST_FILE = "06 ViewSwitcher/Info.plist";
				IPHONEOS_DEPLOYMENT_TARGET = 6.0;
				LD_RUNPATH_SEARCH_PATHS = "$(inherited) @executable_path/Frameworks";
				PRODUCT_BUNDLE_IDENTIFIER = "yang.-6-ViewSwitcher";
				PRODUCT_NAME = "$(TARGET_NAME)";
			};
			name = Release;
		};
		55218AF31D0EF55F006BA7FB /* Debug */ = {
			isa = XCBuildConfiguration;
			buildSettings = {
				BUNDLE_LOADER = "$(TEST_HOST)";
				INFOPLIST_FILE = "06 ViewSwitcherTests/Info.plist";
				LD_RUNPATH_SEARCH_PATHS = "$(inherited) @executable_path/Frameworks @loader_path/Frameworks";
				PRODUCT_BUNDLE_IDENTIFIER = "yang.-6-ViewSwitcherTests";
				PRODUCT_NAME = "$(TARGET_NAME)";
				TEST_HOST = "$(BUILT_PRODUCTS_DIR)/06 ViewSwitcher.app/06 ViewSwitcher";
			};
			name = Debug;
		};
		55218AF41D0EF55F006BA7FB /* Release */ = {
			isa = XCBuildConfiguration;
			buildSettings = {
				BUNDLE_LOADER = "$(TEST_HOST)";
				INFOPLIST_FILE = "06 ViewSwitcherTests/Info.plist";
				LD_RUNPATH_SEARCH_PATHS = "$(inherited) @executable_path/Frameworks @loader_path/Frameworks";
				PRODUCT_BUNDLE_IDENTIFIER = "yang.-6-ViewSwitcherTests";
				PRODUCT_NAME = "$(TARGET_NAME)";
				TEST_HOST = "$(BUILT_PRODUCTS_DIR)/06 ViewSwitcher.app/06 ViewSwitcher";
			};
			name = Release;
		};
		55218AF61D0EF55F006BA7FB /* Debug */ = {
			isa = XCBuildConfiguration;
			buildSettings = {
				INFOPLIST_FILE = "06 ViewSwitcherUITests/Info.plist";
				LD_RUNPATH_SEARCH_PATHS = "$(inherited) @executable_path/Frameworks @loader_path/Frameworks";
				PRODUCT_BUNDLE_IDENTIFIER = "yang.-6-ViewSwitcherUITests";
				PRODUCT_NAME = "$(TARGET_NAME)";
				TEST_TARGET_NAME = "06 ViewSwitcher";
				USES_XCTRUNNER = YES;
			};
			name = Debug;
		};
		55218AF71D0EF55F006BA7FB /* Release */ = {
			isa = XCBuildConfiguration;
			buildSettings = {
				INFOPLIST_FILE = "06 ViewSwitcherUITests/Info.plist";
				LD_RUNPATH_SEARCH_PATHS = "$(inherited) @executable_path/Frameworks @loader_path/Frameworks";
				PRODUCT_BUNDLE_IDENTIFIER = "yang.-6-ViewSwitcherUITests";
				PRODUCT_NAME = "$(TARGET_NAME)";
				TEST_TARGET_NAME = "06 ViewSwitcher";
				USES_XCTRUNNER = YES;
			};
			name = Release;
		};
/* End XCBuildConfiguration section */

/* Begin XCConfigurationList section */
		55218ABD1D0EF55E006BA7FB /* Build configuration list for PBXProject "06 ViewSwitcher" */ = {
			isa = XCConfigurationList;
			buildConfigurations = (
				55218AED1D0EF55F006BA7FB /* Debug */,
				55218AEE1D0EF55F006BA7FB /* Release */,
			);
			defaultConfigurationIsVisible = 0;
			defaultConfigurationName = Release;
		};
		55218AEF1D0EF55F006BA7FB /* Build configuration list for PBXNativeTarget "06 ViewSwitcher" */ = {
			isa = XCConfigurationList;
			buildConfigurations = (
				55218AF01D0EF55F006BA7FB /* Debug */,
				55218AF11D0EF55F006BA7FB /* Release */,
			);
			defaultConfigurationIsVisible = 0;
			defaultConfigurationName = Release;
		};
		55218AF21D0EF55F006BA7FB /* Build configuration list for PBXNativeTarget "06 ViewSwitcherTests" */ = {
			isa = XCConfigurationList;
			buildConfigurations = (
				55218AF31D0EF55F006BA7FB /* Debug */,
				55218AF41D0EF55F006BA7FB /* Release */,
			);
			defaultConfigurationIsVisible = 0;
			defaultConfigurationName = Release;
		};
		55218AF51D0EF55F006BA7FB /* Build configuration list for PBXNativeTarget "06 ViewSwitcherUITests" */ = {
			isa = XCConfigurationList;
			buildConfigurations = (
				55218AF61D0EF55F006BA7FB /* Debug */,
				55218AF71D0EF55F006BA7FB /* Release */,
			);
			defaultConfigurationIsVisible = 0;
			defaultConfigurationName = Release;
		};
/* End XCConfigurationList section */
	};
	rootObject = 55218ABA1D0EF55E006BA7FB /* Project object */;
}
